
Microsoft Visual Studio Solution File, Format Version 12.00
# Visual Studio Version 17
VisualStudioVersion = 17.3.32922.545
MinimumVisualStudioVersion = 10.0.40219.1
Project("{FAE04EC0-301F-11D3-BF4B-00C04F79EFBC}") = "DictionaryGame", "DictionaryGame.csproj", "{2665CB53-0AB0-4394-82FC-AC493937C56B}"
EndProject
Global
	GlobalSection(SolutionConfigurationPlatforms) = preSolution
		Debug|Any CPU = Debug|Any CPU
		Release|Any CPU = Release|Any CPU
	EndGlobalSection
	GlobalSection(ProjectConfigurationPlatforms) = postSolution
		{2665CB53-0AB0-4394-82FC-AC493937C56B}.Debug|Any CPU.ActiveCfg = Debug|Any CPU
		{2665CB53-0AB0-4394-82FC-AC493937C56B}.Debug|Any CPU.Build.0 = Debug|Any CPU
		{2665CB53-0AB0-4394-82FC-AC493937C56B}.Release|Any CPU.ActiveCfg = Release|Any CPU
		{2665CB53-0AB0-4394-82FC-AC493937C56B}.Release|Any CPU.Build.0 = Release|Any CPU
	EndGlobalSection
	GlobalSection(SolutionProperties) = preSolution
		HideSolutionNode = FALSE
	EndGlobalSection
	GlobalSection(ExtensibilityGlobals) = postSolution
		SolutionGuid = {CE2A212E-6521-47B9-8ACE-9386EE910BE8}
	EndGlobalSection
EndGlobal
